
Microsoft Visual Studio Solution File, Format Version 12.00
# Visual Studio Version 17
VisualStudioVersion = 17.7.34202.233
MinimumVisualStudioVersion = 10.0.40219.1
Project("{FAE04EC0-301F-11D3-BF4B-00C04F79EFBC}") = "Uppgift 4.7 inlämning", "Uppgift 4.7 inlämning\Uppgift 4.7 inlämning.csproj", "{99F4D25C-6E05-4388-A95C-FB2A63B9DBB4}"
EndProject
Global
	GlobalSection(SolutionConfigurationPlatforms) = preSolution
		Debug|Any CPU = Debug|Any CPU
		Release|Any CPU = Release|Any CPU
	EndGlobalSection
	GlobalSection(ProjectConfigurationPlatforms) = postSolution
		{99F4D25C-6E05-4388-A95C-FB2A63B9DBB4}.Debug|Any CPU.ActiveCfg = Debug|Any CPU
		{99F4D25C-6E05-4388-A95C-FB2A63B9DBB4}.Debug|Any CPU.Build.0 = Debug|Any CPU
		{99F4D25C-6E05-4388-A95C-FB2A63B9DBB4}.Release|Any CPU.ActiveCfg = Release|Any CPU
		{99F4D25C-6E05-4388-A95C-FB2A63B9DBB4}.Release|Any CPU.Build.0 = Release|Any CPU
	EndGlobalSection
	GlobalSection(SolutionProperties) = preSolution
		HideSolutionNode = FALSE
	EndGlobalSection
	GlobalSection(ExtensibilityGlobals) = postSolution
		SolutionGuid = {FB82EB32-754C-45ED-AD57-3070A4CA0B93}
	EndGlobalSection
EndGlobal
